
Microsoft Visual Studio Solution File, Format Version 12.00
# Visual Studio Version 16
VisualStudioVersion = 16.0.29123.88
MinimumVisualStudioVersion = 10.0.40219.1
Project("{FAE04EC0-301F-11D3-BF4B-00C04F79EFBC}") = "UsersFunctions", "UsersFunctions\UsersFunctions.csproj", "{9F9A8736-E3E2-459B-9C41-A19F151F14AA}"
EndProject
Project("{FAE04EC0-301F-11D3-BF4B-00C04F79EFBC}") = "UsersFunctions.Commands", "UserFunctions.Commands\UsersFunctions.Commands.csproj", "{C7069A81-A882-4909-95D8-B5E425AE3835}"
EndProject
Project("{FAE04EC0-301F-11D3-BF4B-00C04F79EFBC}") = "UsersFunctions.Commands.Abstractions", "UserFunctions.Commands.Abstractions\UsersFunctions.Commands.Abstractions.csproj", "{E2607142-ADEC-474C-8E3F-763F9E4D0027}"
EndProject
Project("{FAE04EC0-301F-11D3-BF4B-00C04F79EFBC}") = "DogeNet.NetworkingTools", "..\..\NetworkingTools\DogeNet.NetworkingTools\DogeNet.NetworkingTools.csproj", "{58EEAB7E-417D-4C6E-9221-77407E8990F6}"
EndProject
Project("{9A19103F-16F7-4668-BE54-9A1E7A4F7556}") = "DogeNet.NetworkingTools.Abstractions", "..\..\NetworkingTools\DogeNet.NetworkingTools.Abstractions\DogeNet.NetworkingTools.Abstractions.csproj", "{472D64AB-72DE-418F-84D4-45DFE887F8C9}"
EndProject
Global
	GlobalSection(SolutionConfigurationPlatforms) = preSolution
		Debug|Any CPU = Debug|Any CPU
		Release|Any CPU = Release|Any CPU
	EndGlobalSection
	GlobalSection(ProjectConfigurationPlatforms) = postSolution
		{9F9A8736-E3E2-459B-9C41-A19F151F14AA}.Debug|Any CPU.ActiveCfg = Debug|Any CPU
		{9F9A8736-E3E2-459B-9C41-A19F151F14AA}.Debug|Any CPU.Build.0 = Debug|Any CPU
		{9F9A8736-E3E2-459B-9C41-A19F151F14AA}.Release|Any CPU.ActiveCfg = Release|Any CPU
		{9F9A8736-E3E2-459B-9C41-A19F151F14AA}.Release|Any CPU.Build.0 = Release|Any CPU
		{C7069A81-A882-4909-95D8-B5E425AE3835}.Debug|Any CPU.ActiveCfg = Debug|Any CPU
		{C7069A81-A882-4909-95D8-B5E425AE3835}.Debug|Any CPU.Build.0 = Debug|Any CPU
		{C7069A81-A882-4909-95D8-B5E425AE3835}.Release|Any CPU.ActiveCfg = Release|Any CPU
		{C7069A81-A882-4909-95D8-B5E425AE3835}.Release|Any CPU.Build.0 = Release|Any CPU
		{E2607142-ADEC-474C-8E3F-763F9E4D0027}.Debug|Any CPU.ActiveCfg = Debug|Any CPU
		{E2607142-ADEC-474C-8E3F-763F9E4D0027}.Debug|Any CPU.Build.0 = Debug|Any CPU
		{E2607142-ADEC-474C-8E3F-763F9E4D0027}.Release|Any CPU.ActiveCfg = Release|Any CPU
		{E2607142-ADEC-474C-8E3F-763F9E4D0027}.Release|Any CPU.Build.0 = Release|Any CPU
		{58EEAB7E-417D-4C6E-9221-77407E8990F6}.Debug|Any CPU.ActiveCfg = Debug|Any CPU
		{58EEAB7E-417D-4C6E-9221-77407E8990F6}.Debug|Any CPU.Build.0 = Debug|Any CPU
		{58EEAB7E-417D-4C6E-9221-77407E8990F6}.Release|Any CPU.ActiveCfg = Release|Any CPU
		{58EEAB7E-417D-4C6E-9221-77407E8990F6}.Release|Any CPU.Build.0 = Release|Any CPU
		{472D64AB-72DE-418F-84D4-45DFE887F8C9}.Debug|Any CPU.ActiveCfg = Debug|Any CPU
		{472D64AB-72DE-418F-84D4-45DFE887F8C9}.Debug|Any CPU.Build.0 = Debug|Any CPU
		{472D64AB-72DE-418F-84D4-45DFE887F8C9}.Release|Any CPU.ActiveCfg = Release|Any CPU
		{472D64AB-72DE-418F-84D4-45DFE887F8C9}.Release|Any CPU.Build.0 = Release|Any CPU
	EndGlobalSection
	GlobalSection(SolutionProperties) = preSolution
		HideSolutionNode = FALSE
	EndGlobalSection
	GlobalSection(ExtensibilityGlobals) = postSolution
		SolutionGuid = {C9A858D6-EAB8-4128-826A-696A06714162}
	EndGlobalSection
EndGlobal
